
Microsoft Visual Studio Solution File, Format Version 12.00
# Visual Studio 15
VisualStudioVersion = 15.0.28010.2050
MinimumVisualStudioVersion = 10.0.40219.1
Project("{2150E333-8FDC-42A3-9474-1A3956D46DE8}") = "CleanArch.Application", "CleanArch.Application", "{4426C52F-8B29-4AD1-B153-3AF0AD944025}"
EndProject
Project("{2150E333-8FDC-42A3-9474-1A3956D46DE8}") = "CleanArch.Domain", "CleanArch.Domain", "{37E96B5E-E5F6-452F-9894-CFCB339E4A29}"
EndProject
Project("{2150E333-8FDC-42A3-9474-1A3956D46DE8}") = "CleanArch.Infra.IoC", "CleanArch.Infra.IoC", "{5B0E6F5D-E479-4BD3-B2E1-D28D85B80628}"
EndProject
Project("{2150E333-8FDC-42A3-9474-1A3956D46DE8}") = "CleanArch.Infra.Data", "CleanArch.Infra.Data", "{58F04EFC-7632-43AD-BD4B-61B4FBEA6159}"
EndProject
Project("{2150E333-8FDC-42A3-9474-1A3956D46DE8}") = "CleanArch.UI.MVC", "CleanArch.UI.MVC", "{538634AB-72C7-4709-8236-7E89C9142C4E}"
EndProject
Project("{FAE04EC0-301F-11D3-BF4B-00C04F79EFBC}") = "CleanArch.MVC", "CleanArch.MVC\CleanArch.MVC.csproj", "{01169051-C5C2-46D8-8C06-FF43F9FF4E95}"
EndProject
Global
	GlobalSection(SolutionConfigurationPlatforms) = preSolution
		Debug|Any CPU = Debug|Any CPU
		Release|Any CPU = Release|Any CPU
	EndGlobalSection
	GlobalSection(ProjectConfigurationPlatforms) = postSolution
		{01169051-C5C2-46D8-8C06-FF43F9FF4E95}.Debug|Any CPU.ActiveCfg = Debug|Any CPU
		{01169051-C5C2-46D8-8C06-FF43F9FF4E95}.Debug|Any CPU.Build.0 = Debug|Any CPU
		{01169051-C5C2-46D8-8C06-FF43F9FF4E95}.Release|Any CPU.ActiveCfg = Release|Any CPU
		{01169051-C5C2-46D8-8C06-FF43F9FF4E95}.Release|Any CPU.Build.0 = Release|Any CPU
	EndGlobalSection
	GlobalSection(SolutionProperties) = preSolution
		HideSolutionNode = FALSE
	EndGlobalSection
	GlobalSection(NestedProjects) = preSolution
		{01169051-C5C2-46D8-8C06-FF43F9FF4E95} = {538634AB-72C7-4709-8236-7E89C9142C4E}
	EndGlobalSection
	GlobalSection(ExtensibilityGlobals) = postSolution
		SolutionGuid = {FF8DDBB5-1AFE-4486-8232-F0ED112969DF}
	EndGlobalSection
EndGlobal
